
Microsoft Visual Studio Solution File, Format Version 12.00
# Visual Studio Version 16
VisualStudioVersion = 16.0.31624.102
MinimumVisualStudioVersion = 10.0.40219.1
Project("{FAE04EC0-301F-11D3-BF4B-00C04F79EFBC}") = "Tech Assignment - 3", "Tech Assignment - 3.csproj", "{9278DE72-92DF-4B1D-8FEC-CD2EAB047AC2}"
EndProject
Global
	GlobalSection(SolutionConfigurationPlatforms) = preSolution
		Debug|Any CPU = Debug|Any CPU
		Release|Any CPU = Release|Any CPU
	EndGlobalSection
	GlobalSection(ProjectConfigurationPlatforms) = postSolution
		{9278DE72-92DF-4B1D-8FEC-CD2EAB047AC2}.Debug|Any CPU.ActiveCfg = Debug|Any CPU
		{9278DE72-92DF-4B1D-8FEC-CD2EAB047AC2}.Debug|Any CPU.Build.0 = Debug|Any CPU
		{9278DE72-92DF-4B1D-8FEC-CD2EAB047AC2}.Release|Any CPU.ActiveCfg = Release|Any CPU
		{9278DE72-92DF-4B1D-8FEC-CD2EAB047AC2}.Release|Any CPU.Build.0 = Release|Any CPU
	EndGlobalSection
	GlobalSection(SolutionProperties) = preSolution
		HideSolutionNode = FALSE
	EndGlobalSection
	GlobalSection(ExtensibilityGlobals) = postSolution
		SolutionGuid = {038F4846-6C13-429E-B220-3F39C44D4858}
	EndGlobalSection
EndGlobal
